// !$*UTF8*$!
{
	archiveVersion = 1;
	classes = {
	};
	objectVersion = 55;
	objects = {

/* Begin PBXBuildFile section */
		3091EBCFDDAC47DC866A1B4B /* Pods_iosalif.framework in Frameworks */ = {isa = PBXBuildFile; fileRef = D59A3B1FF406EE04C13FA56C /* Pods_iosalif.framework */; };
		84EA1DA0294B544200002E2C /* AppDelegate.swift in Sources */ = {isa = PBXBuildFile; fileRef = 84EA1D9F294B544200002E2C /* AppDelegate.swift */; };
		84EA1DA2294B544200002E2C /* SceneDelegate.swift in Sources */ = {isa = PBXBuildFile; fileRef = 84EA1DA1294B544200002E2C /* SceneDelegate.swift */; };
		84EA1DA4294B544200002E2C /* ViewController.swift in Sources */ = {isa = PBXBuildFile; fileRef = 84EA1DA3294B544200002E2C /* ViewController.swift */; };
		84EA1DA9294B544400002E2C /* Assets.xcassets in Resources */ = {isa = PBXBuildFile; fileRef = 84EA1DA8294B544400002E2C /* Assets.xcassets */; };
		84EA1DAC294B544400002E2C /* LaunchScreen.storyboard in Resources */ = {isa = PBXBuildFile; fileRef = 84EA1DAA294B544400002E2C /* LaunchScreen.storyboard */; };
		84EA1DB5294B55BB00002E2C /* alifCoreData.xcdatamodeld in Sources */ = {isa = PBXBuildFile; fileRef = 84EA1DB3294B55BB00002E2C /* alifCoreData.xcdatamodeld */; };
		84EA1DB8294B564000002E2C /* MainDetailEntity+CoreDataClass.swift in Sources */ = {isa = PBXBuildFile; fileRef = 84EA1DB6294B564000002E2C /* MainDetailEntity+CoreDataClass.swift */; };
		84EA1DB9294B564000002E2C /* MainDetailEntity+CoreDataProperties.swift in Sources */ = {isa = PBXBuildFile; fileRef = 84EA1DB7294B564000002E2C /* MainDetailEntity+CoreDataProperties.swift */; };
		84EA1DBB294B56BA00002E2C /* MainService.swift in Sources */ = {isa = PBXBuildFile; fileRef = 84EA1DBA294B56BA00002E2C /* MainService.swift */; };
		84EA1DBD294B56D400002E2C /* MainViewModel.swift in Sources */ = {isa = PBXBuildFile; fileRef = 84EA1DBC294B56D400002E2C /* MainViewModel.swift */; };
/* End PBXBuildFile section */

/* Begin PBXFileReference section */
		293DA94D89F669F35228F153 /* Pods-iosalif.debug.xcconfig */ = {isa = PBXFileReference; includeInIndex = 1; lastKnownFileType = text.xcconfig; name = "Pods-iosalif.debug.xcconfig"; path = "Target Support Files/Pods-iosalif/Pods-iosalif.debug.xcconfig"; sourceTree = "<group>"; };
		59647CCA6ECF78F5B25E59E6 /* Pods-iosalif.release.xcconfig */ = {isa = PBXFileReference; includeInIndex = 1; lastKnownFileType = text.xcconfig; name = "Pods-iosalif.release.xcconfig"; path = "Target Support Files/Pods-iosalif/Pods-iosalif.release.xcconfig"; sourceTree = "<group>"; };
		84EA1D9C294B544200002E2C /* iosalif.app */ = {isa = PBXFileReference; explicitFileType = wrapper.application; includeInIndex = 0; path = iosalif.app; sourceTree = BUILT_PRODUCTS_DIR; };
		84EA1D9F294B544200002E2C /* AppDelegate.swift */ = {isa = PBXFileReference; lastKnownFileType = sourcecode.swift; path = AppDelegate.swift; sourceTree = "<group>"; };
		84EA1DA1294B544200002E2C /* SceneDelegate.swift */ = {isa = PBXFileReference; lastKnownFileType = sourcecode.swift; path = SceneDelegate.swift; sourceTree = "<group>"; };
		84EA1DA3294B544200002E2C /* ViewController.swift */ = {isa = PBXFileReference; lastKnownFileType = sourcecode.swift; path = ViewController.swift; sourceTree = "<group>"; };
		84EA1DA8294B544400002E2C /* Assets.xcassets */ = {isa = PBXFileReference; lastKnownFileType = folder.assetcatalog; path = Assets.xcassets; sourceTree = "<group>"; };
		84EA1DAB294B544400002E2C /* Base */ = {isa = PBXFileReference; lastKnownFileType = file.storyboard; name = Base; path = Base.lproj/LaunchScreen.storyboard; sourceTree = "<group>"; };
		84EA1DAD294B544400002E2C /* Info.plist */ = {isa = PBXFileReference; lastKnownFileType = text.plist.xml; path = Info.plist; sourceTree = "<group>"; };
		84EA1DB4294B55BB00002E2C /* alifCoreData.xcdatamodel */ = {isa = PBXFileReference; lastKnownFileType = wrapper.xcdatamodel; path = alifCoreData.xcdatamodel; sourceTree = "<group>"; };
		84EA1DB6294B564000002E2C /* MainDetailEntity+CoreDataClass.swift */ = {isa = PBXFileReference; lastKnownFileType = sourcecode.swift; path = "MainDetailEntity+CoreDataClass.swift"; sourceTree = "<group>"; };
		84EA1DB7294B564000002E2C /* MainDetailEntity+CoreDataProperties.swift */ = {isa = PBXFileReference; lastKnownFileType = sourcecode.swift; path = "MainDetailEntity+CoreDataProperties.swift"; sourceTree = "<group>"; };
		84EA1DBA294B56BA00002E2C /* MainService.swift */ = {isa = PBXFileReference; lastKnownFileType = sourcecode.swift; path = MainService.swift; sourceTree = "<group>"; };
		84EA1DBC294B56D400002E2C /* MainViewModel.swift */ = {isa = PBXFileReference; lastKnownFileType = sourcecode.swift; path = MainViewModel.swift; sourceTree = "<group>"; };
		D59A3B1FF406EE04C13FA56C /* Pods_iosalif.framework */ = {isa = PBXFileReference; explicitFileType = wrapper.framework; includeInIndex = 0; path = Pods_iosalif.framework; sourceTree = BUILT_PRODUCTS_DIR; };
/* End PBXFileReference section */

/* Begin PBXFrameworksBuildPhase section */
		84EA1D99294B544200002E2C /* Frameworks */ = {
			isa = PBXFrameworksBuildPhase;
			buildActionMask = 2147483647;
			files = (
				3091EBCFDDAC47DC866A1B4B /* Pods_iosalif.framework in Frameworks */,
			);
			runOnlyForDeploymentPostprocessing = 0;
		};
/* End PBXFrameworksBuildPhase section */

/* Begin PBXGroup section */
		2F8E653A552E67B3DA419BB6 /* Frameworks */ = {
			isa = PBXGroup;
			children = (
				D59A3B1FF406EE04C13FA56C /* Pods_iosalif.framework */,
			);
			name = Frameworks;
			sourceTree = "<group>";
		};
		4C5287F66C2C8D1FD9A028AA /* Pods */ = {
			isa = PBXGroup;
			children = (
				293DA94D89F669F35228F153 /* Pods-iosalif.debug.xcconfig */,
				59647CCA6ECF78F5B25E59E6 /* Pods-iosalif.release.xcconfig */,
			);
			name = Pods;
			path = Pods;
			sourceTree = "<group>";
		};
		84EA1D93294B544200002E2C = {
			isa = PBXGroup;
			children = (
				84EA1D9E294B544200002E2C /* iosalif */,
				84EA1D9D294B544200002E2C /* Products */,
				4C5287F66C2C8D1FD9A028AA /* Pods */,
				2F8E653A552E67B3DA419BB6 /* Frameworks */,
			);
			sourceTree = "<group>";
		};
		84EA1D9D294B544200002E2C /* Products */ = {
			isa = PBXGroup;
			children = (
				84EA1D9C294B544200002E2C /* iosalif.app */,
			);
			name = Products;
			sourceTree = "<group>";
		};
		84EA1D9E294B544200002E2C /* iosalif */ = {
			isa = PBXGroup;
			children = (
				84EA1DB6294B564000002E2C /* MainDetailEntity+CoreDataClass.swift */,
				84EA1DB7294B564000002E2C /* MainDetailEntity+CoreDataProperties.swift */,
				84EA1D9F294B544200002E2C /* AppDelegate.swift */,
				84EA1DA1294B544200002E2C /* SceneDelegate.swift */,
				84EA1DA3294B544200002E2C /* ViewController.swift */,
				84EA1DBA294B56BA00002E2C /* MainService.swift */,
				84EA1DBC294B56D400002E2C /* MainViewModel.swift */,
				84EA1DA8294B544400002E2C /* Assets.xcassets */,
				84EA1DAA294B544400002E2C /* LaunchScreen.storyboard */,
				84EA1DAD294B544400002E2C /* Info.plist */,
				84EA1DB3294B55BB00002E2C /* alifCoreData.xcdatamodeld */,
			);
			path = iosalif;
			sourceTree = "<group>";
		};
/* End PBXGroup section */

/* Begin PBXNativeTarget section */
		84EA1D9B294B544200002E2C /* iosalif */ = {
			isa = PBXNativeTarget;
			buildConfigurationList = 84EA1DB0294B544400002E2C /* Build configuration list for PBXNativeTarget "iosalif" */;
			buildPhases = (
				8DFD701FEE5B30C412F64F88 /* [CP] Check Pods Manifest.lock */,
				84EA1D98294B544200002E2C /* Sources */,
				84EA1D99294B544200002E2C /* Frameworks */,
				84EA1D9A294B544200002E2C /* Resources */,
				913BE7AFB199CCC3E9439F7B /* [CP] Embed Pods Frameworks */,
			);
			buildRules = (
			);
			dependencies = (
			);
			name = iosalif;
			productName = iosalif;
			productReference = 84EA1D9C294B544200002E2C /* iosalif.app */;
			productType = "com.apple.product-type.application";
		};
/* End PBXNativeTarget section */

/* Begin PBXProject section */
		84EA1D94294B544200002E2C /* Project object */ = {
			isa = PBXProject;
			attributes = {
				BuildIndependentTargetsInParallel = 1;
				LastSwiftUpdateCheck = 1330;
				LastUpgradeCheck = 1330;
				TargetAttributes = {
					84EA1D9B294B544200002E2C = {
						CreatedOnToolsVersion = 13.3;
					};
				};
			};
			buildConfigurationList = 84EA1D97294B544200002E2C /* Build configuration list for PBXProject "iosalif" */;
			compatibilityVersion = "Xcode 13.0";
			developmentRegion = en;
			hasScannedForEncodings = 0;
			knownRegions = (
				en,
				Base,
			);
			mainGroup = 84EA1D93294B544200002E2C;
			productRefGroup = 84EA1D9D294B544200002E2C /* Products */;
			projectDirPath = "";
			projectRoot = "";
			targets = (
				84EA1D9B294B544200002E2C /* iosalif */,
			);
		};
/* End PBXProject section */

/* Begin PBXResourcesBuildPhase section */
		84EA1D9A294B544200002E2C /* Resources */ = {
			isa = PBXResourcesBuildPhase;
			buildActionMask = 2147483647;
			files = (
				84EA1DAC294B544400002E2C /* LaunchScreen.storyboard in Resources */,
				84EA1DA9294B544400002E2C /* Assets.xcassets in Resources */,
			);
			runOnlyForDeploymentPostprocessing = 0;
		};
/* End PBXResourcesBuildPhase section */

/* Begin PBXShellScriptBuildPhase section */
		8DFD701FEE5B30C412F64F88 /* [CP] Check Pods Manifest.lock */ = {
			isa = PBXShellScriptBuildPhase;
			buildActionMask = 2147483647;
			files = (
			);
			inputFileListPaths = (
			);
			inputPaths = (
				"${PODS_PODFILE_DIR_PATH}/Podfile.lock",
				"${PODS_ROOT}/Manifest.lock",
			);
			name = "[CP] Check Pods Manifest.lock";
			outputFileListPaths = (
			);
			outputPaths = (
				"$(DERIVED_FILE_DIR)/Pods-iosalif-checkManifestLockResult.txt",
			);
			runOnlyForDeploymentPostprocessing = 0;
			shellPath = /bin/sh;
			shellScript = "diff \"${PODS_PODFILE_DIR_PATH}/Podfile.lock\" \"${PODS_ROOT}/Manifest.lock\" > /dev/null\nif [ $? != 0 ] ; then\n    # print error to STDERR\n    echo \"error: The sandbox is not in sync with the Podfile.lock. Run 'pod install' or update your CocoaPods installation.\" >&2\n    exit 1\nfi\n# This output is used by Xcode 'outputs' to avoid re-running this script phase.\necho \"SUCCESS\" > \"${SCRIPT_OUTPUT_FILE_0}\"\n";
			showEnvVarsInLog = 0;
		};
		913BE7AFB199CCC3E9439F7B /* [CP] Embed Pods Frameworks */ = {
			isa = PBXShellScriptBuildPhase;
			buildActionMask = 2147483647;
			files = (
			);
			inputFileListPaths = (
				"${PODS_ROOT}/Target Support Files/Pods-iosalif/Pods-iosalif-frameworks-${CONFIGURATION}-input-files.xcfilelist",
			);
			name = "[CP] Embed Pods Frameworks";
			outputFileListPaths = (
				"${PODS_ROOT}/Target Support Files/Pods-iosalif/Pods-iosalif-frameworks-${CONFIGURATION}-output-files.xcfilelist",
			);
			runOnlyForDeploymentPostprocessing = 0;
			shellPath = /bin/sh;
			shellScript = "\"${PODS_ROOT}/Target Support Files/Pods-iosalif/Pods-iosalif-frameworks.sh\"\n";
			showEnvVarsInLog = 0;
		};
/* End PBXShellScriptBuildPhase section */

/* Begin PBXSourcesBuildPhase section */
		84EA1D98294B544200002E2C /* Sources */ = {
			isa = PBXSourcesBuildPhase;
			buildActionMask = 2147483647;
			files = (
				84EA1DBB294B56BA00002E2C /* MainService.swift in Sources */,
				84EA1DB5294B55BB00002E2C /* alifCoreData.xcdatamodeld in Sources */,
				84EA1DA4294B544200002E2C /* ViewController.swift in Sources */,
				84EA1DB9294B564000002E2C /* MainDetailEntity+CoreDataProperties.swift in Sources */,
				84EA1DA0294B544200002E2C /* AppDelegate.swift in Sources */,
				84EA1DB8294B564000002E2C /* MainDetailEntity+CoreDataClass.swift in Sources */,
				84EA1DA2294B544200002E2C /* SceneDelegate.swift in Sources */,
				84EA1DBD294B56D400002E2C /* MainViewModel.swift in Sources */,
			);
			runOnlyForDeploymentPostprocessing = 0;
		};
/* End PBXSourcesBuildPhase section */

/* Begin PBXVariantGroup section */
		84EA1DAA294B544400002E2C /* LaunchScreen.storyboard */ = {
			isa = PBXVariantGroup;
			children = (
				84EA1DAB294B544400002E2C /* Base */,
			);
			name = LaunchScreen.storyboard;
			sourceTree = "<group>";
		};
/* End PBXVariantGroup section */

/* Begin XCBuildConfiguration section */
		84EA1DAE294B544400002E2C /* Debug */ = {
			isa = XCBuildConfiguration;
			buildSettings = {
				ALWAYS_SEARCH_USER_PATHS = NO;
				CLANG_ANALYZER_NONNULL = YES;
				CLANG_ANALYZER_NUMBER_OBJECT_CONVERSION = YES_AGGRESSIVE;
				CLANG_CXX_LANGUAGE_STANDARD = "gnu++17";
				CLANG_ENABLE_MODULES = YES;
				CLANG_ENABLE_OBJC_ARC = YES;
				CLANG_ENABLE_OBJC_WEAK = YES;
				CLANG_WARN_BLOCK_CAPTURE_AUTORELEASING = YES;
				CLANG_WARN_BOOL_CONVERSION = YES;
				CLANG_WARN_COMMA = YES;
				CLANG_WARN_CONSTANT_CONVERSION = YES;
				CLANG_WARN_DEPRECATED_OBJC_IMPLEMENTATIONS = YES;
				CLANG_WARN_DIRECT_OBJC_ISA_USAGE = YES_ERROR;
				CLANG_WARN_DOCUMENTATION_COMMENTS = YES;
				CLANG_WARN_EMPTY_BODY = YES;
				CLANG_WARN_ENUM_CONVERSION = YES;
				CLANG_WARN_INFINITE_RECURSION = YES;
				CLANG_WARN_INT_CONVERSION = YES;
				CLANG_WARN_NON_LITERAL_NULL_CONVERSION = YES;
				CLANG_WARN_OBJC_IMPLICIT_RETAIN_SELF = YES;
				CLANG_WARN_OBJC_LITERAL_CONVERSION = YES;
				CLANG_WARN_OBJC_ROOT_CLASS = YES_ERROR;
				CLANG_WARN_QUOTED_INCLUDE_IN_FRAMEWORK_HEADER = YES;
				CLANG_WARN_RANGE_LOOP_ANALYSIS = YES;
				CLANG_WARN_STRICT_PROTOTYPES = YES;
				CLANG_WARN_SUSPICIOUS_MOVE = YES;
				CLANG_WARN_UNGUARDED_AVAILABILITY = YES_AGGRESSIVE;
				CLANG_WARN_UNREACHABLE_CODE = YES;
				CLANG_WARN__DUPLICATE_METHOD_MATCH = YES;
				COPY_PHASE_STRIP = NO;
				DEBUG_INFORMATION_FORMAT = dwarf;
				ENABLE_STRICT_OBJC_MSGSEND = YES;
				ENABLE_TESTABILITY = YES;
				GCC_C_LANGUAGE_STANDARD = gnu11;
				GCC_DYNAMIC_NO_PIC = NO;
				GCC_NO_COMMON_BLOCKS = YES;
				GCC_OPTIMIZATION_LEVEL = 0;
				GCC_PREPROCESSOR_DEFINITIONS = (
					"DEBUG=1",
					"$(inherited)",
				);
				GCC_WARN_64_TO_32_BIT_CONVERSION = YES;
				GCC_WARN_ABOUT_RETURN_TYPE = YES_ERROR;
				GCC_WARN_UNDECLARED_SELECTOR = YES;
				GCC_WARN_UNINITIALIZED_AUTOS = YES_AGGRESSIVE;
				GCC_WARN_UNUSED_FUNCTION = YES;
				GCC_WARN_UNUSED_VARIABLE = YES;
				IPHONEOS_DEPLOYMENT_TARGET = 15.4;
				MTL_ENABLE_DEBUG_INFO = INCLUDE_SOURCE;
				MTL_FAST_MATH = YES;
				ONLY_ACTIVE_ARCH = YES;
				SDKROOT = iphoneos;
				SWIFT_ACTIVE_COMPILATION_CONDITIONS = DEBUG;
				SWIFT_OPTIMIZATION_LEVEL = "-Onone";
			};
			name = Debug;
		};
		84EA1DAF294B544400002E2C /* Release */ = {
			isa = XCBuildConfiguration;
			buildSettings = {
				ALWAYS_SEARCH_USER_PATHS = NO;
				CLANG_ANALYZER_NONNULL = YES;
				CLANG_ANALYZER_NUMBER_OBJECT_CONVERSION = YES_AGGRESSIVE;
				CLANG_CXX_LANGUAGE_STANDARD = "gnu++17";
				CLANG_ENABLE_MODULES = YES;
				CLANG_ENABLE_OBJC_ARC = YES;
				CLANG_ENABLE_OBJC_WEAK = YES;
				CLANG_WARN_BLOCK_CAPTURE_AUTORELEASING = YES;
				CLANG_WARN_BOOL_CONVERSION = YES;
				CLANG_WARN_COMMA = YES;
				CLANG_WARN_CONSTANT_CONVERSION = YES;
				CLANG_WARN_DEPRECATED_OBJC_IMPLEMENTATIONS = YES;
				CLANG_WARN_DIRECT_OBJC_ISA_USAGE = YES_ERROR;
				CLANG_WARN_DOCUMENTATION_COMMENTS = YES;
				CLANG_WARN_EMPTY_BODY = YES;
				CLANG_WARN_ENUM_CONVERSION = YES;
				CLANG_WARN_INFINITE_RECURSION = YES;
				CLANG_WARN_INT_CONVERSION = YES;
				CLANG_WARN_NON_LITERAL_NULL_CONVERSION = YES;
				CLANG_WARN_OBJC_IMPLICIT_RETAIN_SELF = YES;
				CLANG_WARN_OBJC_LITERAL_CONVERSION = YES;
				CLANG_WARN_OBJC_ROOT_CLASS = YES_ERROR;
				CLANG_WARN_QUOTED_INCLUDE_IN_FRAMEWORK_HEADER = YES;
				CLANG_WARN_RANGE_LOOP_ANALYSIS = YES;
				CLANG_WARN_STRICT_PROTOTYPES = YES;
				CLANG_WARN_SUSPICIOUS_MOVE = YES;
				CLANG_WARN_UNGUARDED_AVAILABILITY = YES_AGGRESSIVE;
				CLANG_WARN_UNREACHABLE_CODE = YES;
				CLANG_WARN__DUPLICATE_METHOD_MATCH = YES;
				COPY_PHASE_STRIP = NO;
				DEBUG_INFORMATION_FORMAT = "dwarf-with-dsym";
				ENABLE_NS_ASSERTIONS = NO;
				ENABLE_STRICT_OBJC_MSGSEND = YES;
				GCC_C_LANGUAGE_STANDARD = gnu11;
				GCC_NO_COMMON_BLOCKS = YES;
				GCC_WARN_64_TO_32_BIT_CONVERSION = YES;
				GCC_WARN_ABOUT_RETURN_TYPE = YES_ERROR;
				GCC_WARN_UNDECLARED_SELECTOR = YES;
				GCC_WARN_UNINITIALIZED_AUTOS = YES_AGGRESSIVE;
				GCC_WARN_UNUSED_FUNCTION = YES;
				GCC_WARN_UNUSED_VARIABLE = YES;
				IPHONEOS_DEPLOYMENT_TARGET = 15.4;
				MTL_ENABLE_DEBUG_INFO = NO;
				MTL_FAST_MATH = YES;
				SDKROOT = iphoneos;
				SWIFT_COMPILATION_MODE = wholemodule;
				SWIFT_OPTIMIZATION_LEVEL = "-O";
				VALIDATE_PRODUCT = YES;
			};
			name = Release;
		};
		84EA1DB1294B544400002E2C /* Debug */ = {
			isa = XCBuildConfiguration;
			baseConfigurationReference = 293DA94D89F669F35228F153 /* Pods-iosalif.debug.xcconfig */;
			buildSettings = {
				ASSETCATALOG_COMPILER_APPICON_NAME = AppIcon;
				ASSETCATALOG_COMPILER_GLOBAL_ACCENT_COLOR_NAME = AccentColor;
				CODE_SIGN_STYLE = Automatic;
				CURRENT_PROJECT_VERSION = 1;
				DEVELOPMENT_TEAM = NMGP22DH4Q;
				GENERATE_INFOPLIST_FILE = YES;
				INFOPLIST_FILE = iosalif/Info.plist;
				INFOPLIST_KEY_UIApplicationSupportsIndirectInputEvents = YES;
				INFOPLIST_KEY_UILaunchStoryboardName = LaunchScreen;
				INFOPLIST_KEY_UISupportedInterfaceOrientations_iPad = "UIInterfaceOrientationPortrait UIInterfaceOrientationPortraitUpsideDown UIInterfaceOrientationLandscapeLeft UIInterfaceOrientationLandscapeRight";
				INFOPLIST_KEY_UISupportedInterfaceOrientations_iPhone = "UIInterfaceOrientationPortrait UIInterfaceOrientationLandscapeLeft UIInterfaceOrientationLandscapeRight";
				LD_RUNPATH_SEARCH_PATHS = (
					"$(inherited)",
					"@executable_path/Frameworks",
				);
				MARKETING_VERSION = 1.0;
				PRODUCT_BUNDLE_IDENTIFIER = tj.abad.iosalif;
				PRODUCT_NAME = "$(TARGET_NAME)";
				SWIFT_EMIT_LOC_STRINGS = YES;
				SWIFT_VERSION = 5.0;
				TARGETED_DEVICE_FAMILY = "1,2";
			};
			name = Debug;
		};
		84EA1DB2294B544400002E2C /* Release */ = {
			isa = XCBuildConfiguration;
			baseConfigurationReference = 59647CCA6ECF78F5B25E59E6 /* Pods-iosalif.release.xcconfig */;
			buildSettings = {
				ASSETCATALOG_COMPILER_APPICON_NAME = AppIcon;
				ASSETCATALOG_COMPILER_GLOBAL_ACCENT_COLOR_NAME = AccentColor;
				CODE_SIGN_STYLE = Automatic;
				CURRENT_PROJECT_VERSION = 1;
				DEVELOPMENT_TEAM = NMGP22DH4Q;
				GENERATE_INFOPLIST_FILE = YES;
				INFOPLIST_FILE = iosalif/Info.plist;
				INFOPLIST_KEY_UIApplicationSupportsIndirectInputEvents = YES;
				INFOPLIST_KEY_UILaunchStoryboardName = LaunchScreen;
				INFOPLIST_KEY_UISupportedInterfaceOrientations_iPad = "UIInterfaceOrientationPortrait UIInterfaceOrientationPortraitUpsideDown UIInterfaceOrientationLandscapeLeft UIInterfaceOrientationLandscapeRight";
				INFOPLIST_KEY_UISupportedInterfaceOrientations_iPhone = "UIInterfaceOrientationPortrait UIInterfaceOrientationLandscapeLeft UIInterfaceOrientationLandscapeRight";
				LD_RUNPATH_SEARCH_PATHS = (
					"$(inherited)",
					"@executable_path/Frameworks",
				);
				MARKETING_VERSION = 1.0;
				PRODUCT_BUNDLE_IDENTIFIER = tj.abad.iosalif;
				PRODUCT_NAME = "$(TARGET_NAME)";
				SWIFT_EMIT_LOC_STRINGS = YES;
				SWIFT_VERSION = 5.0;
				TARGETED_DEVICE_FAMILY = "1,2";
			};
			name = Release;
		};
/* End XCBuildConfiguration section */

/* Begin XCConfigurationList section */
		84EA1D97294B544200002E2C /* Build configuration list for PBXProject "iosalif" */ = {
			isa = XCConfigurationList;
			buildConfigurations = (
				84EA1DAE294B544400002E2C /* Debug */,
				84EA1DAF294B544400002E2C /* Release */,
			);
			defaultConfigurationIsVisible = 0;
			defaultConfigurationName = Release;
		};
		84EA1DB0294B544400002E2C /* Build configuration list for PBXNativeTarget "iosalif" */ = {
			isa = XCConfigurationList;
			buildConfigurations = (
				84EA1DB1294B544400002E2C /* Debug */,
				84EA1DB2294B544400002E2C /* Release */,
			);
			defaultConfigurationIsVisible = 0;
			defaultConfigurationName = Release;
		};
/* End XCConfigurationList section */

/* Begin XCVersionGroup section */
		84EA1DB3294B55BB00002E2C /* alifCoreData.xcdatamodeld */ = {
			isa = XCVersionGroup;
			children = (
				84EA1DB4294B55BB00002E2C /* alifCoreData.xcdatamodel */,
			);
			currentVersion = 84EA1DB4294B55BB00002E2C /* alifCoreData.xcdatamodel */;
			path = alifCoreData.xcdatamodeld;
			sourceTree = "<group>";
			versionGroupType = wrapper.xcdatamodel;
		};
/* End XCVersionGroup section */
	};
	rootObject = 84EA1D94294B544200002E2C /* Project object */;
}
